
Microsoft Visual Studio Solution File, Format Version 12.00
# Visual Studio 15
VisualStudioVersion = 15.0.28010.2019
MinimumVisualStudioVersion = 10.0.40219.1
Project("{E24C65DC-7377-472B-9ABA-BC803B73C61A}") = "Michaelangelo Pizza", "Michaelangelo Pizza\", "{9A5C5CF4-6264-4537-AB59-73EAC134BFDE}"
	ProjectSection(WebsiteProperties) = preProject
		TargetFrameworkMoniker = ".NETFramework,Version%3Dv4.7.1"
		Debug.AspNetCompiler.VirtualPath = "/localhost_50024"
		Debug.AspNetCompiler.PhysicalPath = "Michaelangelo Pizza\"
		Debug.AspNetCompiler.TargetPath = "PrecompiledWeb\localhost_50024\"
		Debug.AspNetCompiler.Updateable = "true"
		Debug.AspNetCompiler.ForceOverwrite = "true"
		Debug.AspNetCompiler.FixedNames = "false"
		Debug.AspNetCompiler.Debug = "True"
		Release.AspNetCompiler.VirtualPath = "/localhost_50024"
		Release.AspNetCompiler.PhysicalPath = "Michaelangelo Pizza\"
		Release.AspNetCompiler.TargetPath = "PrecompiledWeb\localhost_50024\"
		Release.AspNetCompiler.Updateable = "true"
		Release.AspNetCompiler.ForceOverwrite = "true"
		Release.AspNetCompiler.FixedNames = "false"
		Release.AspNetCompiler.Debug = "False"
		VWDPort = "50024"
		SlnRelativePath = "Michaelangelo Pizza\"
		DefaultWebSiteLanguage = "Visual C#"
	EndProjectSection
EndProject
Global
	GlobalSection(SolutionConfigurationPlatforms) = preSolution
		Debug|Any CPU = Debug|Any CPU
	EndGlobalSection
	GlobalSection(ProjectConfigurationPlatforms) = postSolution
		{9A5C5CF4-6264-4537-AB59-73EAC134BFDE}.Debug|Any CPU.ActiveCfg = Debug|Any CPU
		{9A5C5CF4-6264-4537-AB59-73EAC134BFDE}.Debug|Any CPU.Build.0 = Debug|Any CPU
	EndGlobalSection
	GlobalSection(SolutionProperties) = preSolution
		HideSolutionNode = FALSE
	EndGlobalSection
	GlobalSection(ExtensibilityGlobals) = postSolution
		SolutionGuid = {B0E295FC-8740-42A9-8DE5-3499FE131A6A}
	EndGlobalSection
EndGlobal
